
Microsoft Visual Studio Solution File, Format Version 12.00
# Visual Studio 14
VisualStudioVersion = 14.0.25420.1
MinimumVisualStudioVersion = 10.0.40219.1
Project("{FAE04EC0-301F-11D3-BF4B-00C04F79EFBC}") = "Adazzle.Performace.Examples", "Adazzle.Performace.Examples\Adazzle.Performace.Examples.csproj", "{6DEC1637-1AF3-4242-ABB1-76D7274D0543}"
EndProject
Project("{FAE04EC0-301F-11D3-BF4B-00C04F79EFBC}") = "Adazzle.Services.Campaign", "Adazzle.Service.Example\Adazzle.Services.Campaign.csproj", "{1B765B05-336F-4CD5-B451-C1EEE10FFB96}"
EndProject
Project("{FAE04EC0-301F-11D3-BF4B-00C04F79EFBC}") = "Adazzle.Data", "Adazzle.Data\Adazzle.Data.csproj", "{E0F598BE-E38F-448F-ABCF-8E61C21022CE}"
EndProject
Project("{2150E333-8FDC-42A3-9474-1A3956D46DE8}") = "Clients", "Clients", "{B4CB294E-D441-44F1-8B41-9BD03966A9A0}"
EndProject
Project("{2150E333-8FDC-42A3-9474-1A3956D46DE8}") = "Services", "Services", "{6F3027EF-E4B5-43BE-AD5C-A34AEF570383}"
EndProject
Project("{2150E333-8FDC-42A3-9474-1A3956D46DE8}") = "Data", "Data", "{F6BA0236-6C53-4BC1-84DF-4191E39DABB9}"
EndProject
Project("{00D1A9C2-B5F0-4AF3-8072-F6C62B433612}") = "Adazzle.Database", "Adazzle.Database\Adazzle.Database.sqlproj", "{CEAD6FCE-114D-4529-9FA7-8517EF865DF0}"
EndProject
Project("{2150E333-8FDC-42A3-9474-1A3956D46DE8}") = "Common", "Common", "{EE3FFE4C-F657-49FE-87CF-8FF4011BB7D9}"
EndProject
Project("{FAE04EC0-301F-11D3-BF4B-00C04F79EFBC}") = "Adazzle.Services.Campaign.Host", "Adazzle.Service.Host\Adazzle.Services.Campaign.Host.csproj", "{EE5037C4-78CD-463E-9288-26FE604463DF}"
EndProject
Project("{FAE04EC0-301F-11D3-BF4B-00C04F79EFBC}") = "Adazzle.Media.Web", "Adazzle.Media.Web\Adazzle.Media.Web.csproj", "{74EEB3CC-0AC5-44CC-953C-D147097A6DF3}"
EndProject
Project("{FAE04EC0-301F-11D3-BF4B-00C04F79EFBC}") = "Adazzle.Services.Campaign.Api", "Adazzle.Service.Api\Adazzle.Services.Campaign.Api.csproj", "{BA9848BC-607E-4389-B7F3-58A28DA1E9BD}"
EndProject
Project("{FAE04EC0-301F-11D3-BF4B-00C04F79EFBC}") = "Adazzle.Services.Campaign.Models", "Adazzle.Campaign.Service.Models\Adazzle.Services.Campaign.Models.csproj", "{17F52113-2A21-4B97-A948-9F74E1DED0DF}"
EndProject
Project("{2150E333-8FDC-42A3-9474-1A3956D46DE8}") = "Campaign", "Campaign", "{FD30CEB0-23DA-4C2C-8B5A-D9550ED48671}"
EndProject
Project("{FAE04EC0-301F-11D3-BF4B-00C04F79EFBC}") = "Adazzle.Common", "Adazzle.Common\Adazzle.Common.csproj", "{3C149FE3-2C54-4EC7-88B6-6C0F5C98E5AB}"
EndProject
Global
	GlobalSection(SolutionConfigurationPlatforms) = preSolution
		Debug|Any CPU = Debug|Any CPU
		Release|Any CPU = Release|Any CPU
	EndGlobalSection
	GlobalSection(ProjectConfigurationPlatforms) = postSolution
		{6DEC1637-1AF3-4242-ABB1-76D7274D0543}.Debug|Any CPU.ActiveCfg = Debug|Any CPU
		{6DEC1637-1AF3-4242-ABB1-76D7274D0543}.Debug|Any CPU.Build.0 = Debug|Any CPU
		{6DEC1637-1AF3-4242-ABB1-76D7274D0543}.Release|Any CPU.ActiveCfg = Release|Any CPU
		{6DEC1637-1AF3-4242-ABB1-76D7274D0543}.Release|Any CPU.Build.0 = Release|Any CPU
		{1B765B05-336F-4CD5-B451-C1EEE10FFB96}.Debug|Any CPU.ActiveCfg = Debug|Any CPU
		{1B765B05-336F-4CD5-B451-C1EEE10FFB96}.Debug|Any CPU.Build.0 = Debug|Any CPU
		{1B765B05-336F-4CD5-B451-C1EEE10FFB96}.Release|Any CPU.ActiveCfg = Release|Any CPU
		{1B765B05-336F-4CD5-B451-C1EEE10FFB96}.Release|Any CPU.Build.0 = Release|Any CPU
		{E0F598BE-E38F-448F-ABCF-8E61C21022CE}.Debug|Any CPU.ActiveCfg = Debug|Any CPU
		{E0F598BE-E38F-448F-ABCF-8E61C21022CE}.Debug|Any CPU.Build.0 = Debug|Any CPU
		{E0F598BE-E38F-448F-ABCF-8E61C21022CE}.Release|Any CPU.ActiveCfg = Release|Any CPU
		{E0F598BE-E38F-448F-ABCF-8E61C21022CE}.Release|Any CPU.Build.0 = Release|Any CPU
		{CEAD6FCE-114D-4529-9FA7-8517EF865DF0}.Debug|Any CPU.ActiveCfg = Debug|Any CPU
		{CEAD6FCE-114D-4529-9FA7-8517EF865DF0}.Debug|Any CPU.Build.0 = Debug|Any CPU
		{CEAD6FCE-114D-4529-9FA7-8517EF865DF0}.Debug|Any CPU.Deploy.0 = Debug|Any CPU
		{CEAD6FCE-114D-4529-9FA7-8517EF865DF0}.Release|Any CPU.ActiveCfg = Release|Any CPU
		{CEAD6FCE-114D-4529-9FA7-8517EF865DF0}.Release|Any CPU.Build.0 = Release|Any CPU
		{CEAD6FCE-114D-4529-9FA7-8517EF865DF0}.Release|Any CPU.Deploy.0 = Release|Any CPU
		{EE5037C4-78CD-463E-9288-26FE604463DF}.Debug|Any CPU.ActiveCfg = Debug|Any CPU
		{EE5037C4-78CD-463E-9288-26FE604463DF}.Debug|Any CPU.Build.0 = Debug|Any CPU
		{EE5037C4-78CD-463E-9288-26FE604463DF}.Release|Any CPU.ActiveCfg = Release|Any CPU
		{EE5037C4-78CD-463E-9288-26FE604463DF}.Release|Any CPU.Build.0 = Release|Any CPU
		{74EEB3CC-0AC5-44CC-953C-D147097A6DF3}.Debug|Any CPU.ActiveCfg = Debug|Any CPU
		{74EEB3CC-0AC5-44CC-953C-D147097A6DF3}.Debug|Any CPU.Build.0 = Debug|Any CPU
		{74EEB3CC-0AC5-44CC-953C-D147097A6DF3}.Release|Any CPU.ActiveCfg = Release|Any CPU
		{74EEB3CC-0AC5-44CC-953C-D147097A6DF3}.Release|Any CPU.Build.0 = Release|Any CPU
		{BA9848BC-607E-4389-B7F3-58A28DA1E9BD}.Debug|Any CPU.ActiveCfg = Debug|Any CPU
		{BA9848BC-607E-4389-B7F3-58A28DA1E9BD}.Debug|Any CPU.Build.0 = Debug|Any CPU
		{BA9848BC-607E-4389-B7F3-58A28DA1E9BD}.Release|Any CPU.ActiveCfg = Release|Any CPU
		{BA9848BC-607E-4389-B7F3-58A28DA1E9BD}.Release|Any CPU.Build.0 = Release|Any CPU
		{17F52113-2A21-4B97-A948-9F74E1DED0DF}.Debug|Any CPU.ActiveCfg = Debug|Any CPU
		{17F52113-2A21-4B97-A948-9F74E1DED0DF}.Debug|Any CPU.Build.0 = Debug|Any CPU
		{17F52113-2A21-4B97-A948-9F74E1DED0DF}.Release|Any CPU.ActiveCfg = Release|Any CPU
		{17F52113-2A21-4B97-A948-9F74E1DED0DF}.Release|Any CPU.Build.0 = Release|Any CPU
		{3C149FE3-2C54-4EC7-88B6-6C0F5C98E5AB}.Debug|Any CPU.ActiveCfg = Debug|Any CPU
		{3C149FE3-2C54-4EC7-88B6-6C0F5C98E5AB}.Debug|Any CPU.Build.0 = Debug|Any CPU
		{3C149FE3-2C54-4EC7-88B6-6C0F5C98E5AB}.Release|Any CPU.ActiveCfg = Release|Any CPU
		{3C149FE3-2C54-4EC7-88B6-6C0F5C98E5AB}.Release|Any CPU.Build.0 = Release|Any CPU
	EndGlobalSection
	GlobalSection(SolutionProperties) = preSolution
		HideSolutionNode = FALSE
	EndGlobalSection
	GlobalSection(NestedProjects) = preSolution
		{6DEC1637-1AF3-4242-ABB1-76D7274D0543} = {B4CB294E-D441-44F1-8B41-9BD03966A9A0}
		{1B765B05-336F-4CD5-B451-C1EEE10FFB96} = {FD30CEB0-23DA-4C2C-8B5A-D9550ED48671}
		{E0F598BE-E38F-448F-ABCF-8E61C21022CE} = {F6BA0236-6C53-4BC1-84DF-4191E39DABB9}
		{CEAD6FCE-114D-4529-9FA7-8517EF865DF0} = {F6BA0236-6C53-4BC1-84DF-4191E39DABB9}
		{EE5037C4-78CD-463E-9288-26FE604463DF} = {FD30CEB0-23DA-4C2C-8B5A-D9550ED48671}
		{74EEB3CC-0AC5-44CC-953C-D147097A6DF3} = {B4CB294E-D441-44F1-8B41-9BD03966A9A0}
		{BA9848BC-607E-4389-B7F3-58A28DA1E9BD} = {FD30CEB0-23DA-4C2C-8B5A-D9550ED48671}
		{17F52113-2A21-4B97-A948-9F74E1DED0DF} = {FD30CEB0-23DA-4C2C-8B5A-D9550ED48671}
		{FD30CEB0-23DA-4C2C-8B5A-D9550ED48671} = {6F3027EF-E4B5-43BE-AD5C-A34AEF570383}
		{3C149FE3-2C54-4EC7-88B6-6C0F5C98E5AB} = {EE3FFE4C-F657-49FE-87CF-8FF4011BB7D9}
	EndGlobalSection
	GlobalSection(ExtensibilityGlobals) = postSolution
		EnterpriseLibraryConfigurationToolBinariesPath = packages\Unity.2.1.505.0\lib\NET35
	EndGlobalSection
EndGlobal
